// !$*UTF8*$!
{
	archiveVersion = 1;
	classes = {
	};
	objectVersion = 46;
	objects = {

/* Begin PBXBuildFile section */
		19B779636E6F18BD208846F7 /* libPods-RVHttpTests.a in Frameworks */ = {isa = PBXBuildFile; fileRef = 074DE084A639C01CC983EE86 /* libPods-RVHttpTests.a */; };
		34404B78C5C462D8871ABD1A /* libPods-RVHttp.a in Frameworks */ = {isa = PBXBuildFile; fileRef = A7141342A86F9923B12AD04A /* libPods-RVHttp.a */; };
		76644FF21F0252EF00AA5E6C /* main.m in Sources */ = {isa = PBXBuildFile; fileRef = 76644FF11F0252EF00AA5E6C /* main.m */; };
		76644FF51F0252EF00AA5E6C /* AppDelegate.m in Sources */ = {isa = PBXBuildFile; fileRef = 76644FF41F0252EF00AA5E6C /* AppDelegate.m */; };
		76644FF81F0252EF00AA5E6C /* ViewController.m in Sources */ = {isa = PBXBuildFile; fileRef = 76644FF71F0252EF00AA5E6C /* ViewController.m */; };
		76644FFB1F0252EF00AA5E6C /* Main.storyboard in Resources */ = {isa = PBXBuildFile; fileRef = 76644FF91F0252EF00AA5E6C /* Main.storyboard */; };
		76644FFD1F0252EF00AA5E6C /* Assets.xcassets in Resources */ = {isa = PBXBuildFile; fileRef = 76644FFC1F0252EF00AA5E6C /* Assets.xcassets */; };
		766450001F0252EF00AA5E6C /* LaunchScreen.storyboard in Resources */ = {isa = PBXBuildFile; fileRef = 76644FFE1F0252EF00AA5E6C /* LaunchScreen.storyboard */; };
		7664500B1F0252EF00AA5E6C /* RVHttpTests.m in Sources */ = {isa = PBXBuildFile; fileRef = 7664500A1F0252EF00AA5E6C /* RVHttpTests.m */; };
		766450221F0252FF00AA5E6C /* RVFakeUrlSession.m in Sources */ = {isa = PBXBuildFile; fileRef = 766450181F0252FF00AA5E6C /* RVFakeUrlSession.m */; };
		766450231F0252FF00AA5E6C /* RVFakeUrlSessionDataTask.m in Sources */ = {isa = PBXBuildFile; fileRef = 7664501A1F0252FF00AA5E6C /* RVFakeUrlSessionDataTask.m */; };
		766450241F0252FF00AA5E6C /* RVHttpResponse.m in Sources */ = {isa = PBXBuildFile; fileRef = 7664501D1F0252FF00AA5E6C /* RVHttpResponse.m */; };
		766450251F0252FF00AA5E6C /* RVHttp.m in Sources */ = {isa = PBXBuildFile; fileRef = 7664501F1F0252FF00AA5E6C /* RVHttp.m */; };
		766450261F0252FF00AA5E6C /* RVHttpRequest.m in Sources */ = {isa = PBXBuildFile; fileRef = 766450211F0252FF00AA5E6C /* RVHttpRequest.m */; };
		766450281F02535400AA5E6C /* RVHttp.podspec.json in Resources */ = {isa = PBXBuildFile; fileRef = 766450271F02535400AA5E6C /* RVHttp.podspec.json */; };
		775100E690854452059786E2 /* RVHttpFake.m in Sources */ = {isa = PBXBuildFile; fileRef = 775103987A8F2D9C129578F2 /* RVHttpFake.m */; };
		77510F8C690D25FED811B958 /* RVFakeHttpTests.m in Sources */ = {isa = PBXBuildFile; fileRef = 7751066962C1AE6BD2EDB965 /* RVFakeHttpTests.m */; };
/* End PBXBuildFile section */

/* Begin PBXContainerItemProxy section */
		766450071F0252EF00AA5E6C /* PBXContainerItemProxy */ = {
			isa = PBXContainerItemProxy;
			containerPortal = 76644FE51F0252EF00AA5E6C /* Project object */;
			proxyType = 1;
			remoteGlobalIDString = 76644FEC1F0252EF00AA5E6C;
			remoteInfo = RVHttp;
		};
/* End PBXContainerItemProxy section */

/* Begin PBXFileReference section */
		074DE084A639C01CC983EE86 /* libPods-RVHttpTests.a */ = {isa = PBXFileReference; explicitFileType = archive.ar; includeInIndex = 0; path = "libPods-RVHttpTests.a"; sourceTree = BUILT_PRODUCTS_DIR; };
		3506C7D89B48EF198B1A44C3 /* Pods-RVHttp.debug.xcconfig */ = {isa = PBXFileReference; includeInIndex = 1; lastKnownFileType = text.xcconfig; name = "Pods-RVHttp.debug.xcconfig"; path = "Pods/Target Support Files/Pods-RVHttp/Pods-RVHttp.debug.xcconfig"; sourceTree = "<group>"; };
		446C2CF354AF12BE4E7CA69A /* Pods-RVHttpTests.debug.xcconfig */ = {isa = PBXFileReference; includeInIndex = 1; lastKnownFileType = text.xcconfig; name = "Pods-RVHttpTests.debug.xcconfig"; path = "Pods/Target Support Files/Pods-RVHttpTests/Pods-RVHttpTests.debug.xcconfig"; sourceTree = "<group>"; };
		76644FED1F0252EF00AA5E6C /* RVHttp.app */ = {isa = PBXFileReference; explicitFileType = wrapper.application; includeInIndex = 0; path = RVHttp.app; sourceTree = BUILT_PRODUCTS_DIR; };
		76644FF11F0252EF00AA5E6C /* main.m */ = {isa = PBXFileReference; lastKnownFileType = sourcecode.c.objc; path = main.m; sourceTree = "<group>"; };
		76644FF31F0252EF00AA5E6C /* AppDelegate.h */ = {isa = PBXFileReference; lastKnownFileType = sourcecode.c.h; path = AppDelegate.h; sourceTree = "<group>"; };
		76644FF41F0252EF00AA5E6C /* AppDelegate.m */ = {isa = PBXFileReference; lastKnownFileType = sourcecode.c.objc; path = AppDelegate.m; sourceTree = "<group>"; };
		76644FF61F0252EF00AA5E6C /* ViewController.h */ = {isa = PBXFileReference; lastKnownFileType = sourcecode.c.h; path = ViewController.h; sourceTree = "<group>"; };
		76644FF71F0252EF00AA5E6C /* ViewController.m */ = {isa = PBXFileReference; lastKnownFileType = sourcecode.c.objc; path = ViewController.m; sourceTree = "<group>"; };
		76644FFA1F0252EF00AA5E6C /* Base */ = {isa = PBXFileReference; lastKnownFileType = file.storyboard; name = Base; path = Base.lproj/Main.storyboard; sourceTree = "<group>"; };
		76644FFC1F0252EF00AA5E6C /* Assets.xcassets */ = {isa = PBXFileReference; lastKnownFileType = folder.assetcatalog; path = Assets.xcassets; sourceTree = "<group>"; };
		76644FFF1F0252EF00AA5E6C /* Base */ = {isa = PBXFileReference; lastKnownFileType = file.storyboard; name = Base; path = Base.lproj/LaunchScreen.storyboard; sourceTree = "<group>"; };
		766450011F0252EF00AA5E6C /* Info.plist */ = {isa = PBXFileReference; lastKnownFileType = text.plist.xml; path = Info.plist; sourceTree = "<group>"; };
		766450061F0252EF00AA5E6C /* RVHttpTests.xctest */ = {isa = PBXFileReference; explicitFileType = wrapper.cfbundle; includeInIndex = 0; path = RVHttpTests.xctest; sourceTree = BUILT_PRODUCTS_DIR; };
		7664500A1F0252EF00AA5E6C /* RVHttpTests.m */ = {isa = PBXFileReference; lastKnownFileType = sourcecode.c.objc; path = RVHttpTests.m; sourceTree = "<group>"; };
		7664500C1F0252EF00AA5E6C /* Info.plist */ = {isa = PBXFileReference; lastKnownFileType = text.plist.xml; path = Info.plist; sourceTree = "<group>"; };
		766450171F0252FF00AA5E6C /* RVFakeUrlSession.h */ = {isa = PBXFileReference; fileEncoding = 4; lastKnownFileType = sourcecode.c.h; path = RVFakeUrlSession.h; sourceTree = "<group>"; };
		766450181F0252FF00AA5E6C /* RVFakeUrlSession.m */ = {isa = PBXFileReference; fileEncoding = 4; lastKnownFileType = sourcecode.c.objc; path = RVFakeUrlSession.m; sourceTree = "<group>"; };
		766450191F0252FF00AA5E6C /* RVFakeUrlSessionDataTask.h */ = {isa = PBXFileReference; fileEncoding = 4; lastKnownFileType = sourcecode.c.h; path = RVFakeUrlSessionDataTask.h; sourceTree = "<group>"; };
		7664501A1F0252FF00AA5E6C /* RVFakeUrlSessionDataTask.m */ = {isa = PBXFileReference; fileEncoding = 4; lastKnownFileType = sourcecode.c.objc; path = RVFakeUrlSessionDataTask.m; sourceTree = "<group>"; };
		7664501C1F0252FF00AA5E6C /* RVHttpResponse.h */ = {isa = PBXFileReference; fileEncoding = 4; lastKnownFileType = sourcecode.c.h; path = RVHttpResponse.h; sourceTree = "<group>"; };
		7664501D1F0252FF00AA5E6C /* RVHttpResponse.m */ = {isa = PBXFileReference; fileEncoding = 4; lastKnownFileType = sourcecode.c.objc; path = RVHttpResponse.m; sourceTree = "<group>"; };
		7664501E1F0252FF00AA5E6C /* RVHttp.h */ = {isa = PBXFileReference; fileEncoding = 4; lastKnownFileType = sourcecode.c.h; path = RVHttp.h; sourceTree = "<group>"; };
		7664501F1F0252FF00AA5E6C /* RVHttp.m */ = {isa = PBXFileReference; fileEncoding = 4; lastKnownFileType = sourcecode.c.objc; path = RVHttp.m; sourceTree = "<group>"; };
		766450201F0252FF00AA5E6C /* RVHttpRequest.h */ = {isa = PBXFileReference; fileEncoding = 4; lastKnownFileType = sourcecode.c.h; path = RVHttpRequest.h; sourceTree = "<group>"; };
		766450211F0252FF00AA5E6C /* RVHttpRequest.m */ = {isa = PBXFileReference; fileEncoding = 4; lastKnownFileType = sourcecode.c.objc; path = RVHttpRequest.m; sourceTree = "<group>"; };
		766450271F02535400AA5E6C /* RVHttp.podspec.json */ = {isa = PBXFileReference; fileEncoding = 4; lastKnownFileType = text.json; path = RVHttp.podspec.json; sourceTree = "<group>"; };
		766450291F02535800AA5E6C /* readme.md */ = {isa = PBXFileReference; fileEncoding = 4; lastKnownFileType = net.daringfireball.markdown; path = readme.md; sourceTree = "<group>"; };
		775103987A8F2D9C129578F2 /* RVHttpFake.m */ = {isa = PBXFileReference; fileEncoding = 4; lastKnownFileType = sourcecode.c.objc; path = RVHttpFake.m; sourceTree = "<group>"; };
		7751066962C1AE6BD2EDB965 /* RVFakeHttpTests.m */ = {isa = PBXFileReference; fileEncoding = 4; lastKnownFileType = sourcecode.c.objc; path = RVFakeHttpTests.m; sourceTree = "<group>"; };
		775107492B3729BCEBDB5B7D /* RVHttpFake.h */ = {isa = PBXFileReference; fileEncoding = 4; lastKnownFileType = sourcecode.c.h; path = RVHttpFake.h; sourceTree = "<group>"; };
		8D1C7F86CB5A7364B3828BE0 /* Pods-RVHttpTests.release.xcconfig */ = {isa = PBXFileReference; includeInIndex = 1; lastKnownFileType = text.xcconfig; name = "Pods-RVHttpTests.release.xcconfig"; path = "Pods/Target Support Files/Pods-RVHttpTests/Pods-RVHttpTests.release.xcconfig"; sourceTree = "<group>"; };
		A7141342A86F9923B12AD04A /* libPods-RVHttp.a */ = {isa = PBXFileReference; explicitFileType = archive.ar; includeInIndex = 0; path = "libPods-RVHttp.a"; sourceTree = BUILT_PRODUCTS_DIR; };
		A8A5A10FDF31783830513429 /* Pods-RVHttp.release.xcconfig */ = {isa = PBXFileReference; includeInIndex = 1; lastKnownFileType = text.xcconfig; name = "Pods-RVHttp.release.xcconfig"; path = "Pods/Target Support Files/Pods-RVHttp/Pods-RVHttp.release.xcconfig"; sourceTree = "<group>"; };
/* End PBXFileReference section */

/* Begin PBXFrameworksBuildPhase section */
		76644FEA1F0252EF00AA5E6C /* Frameworks */ = {
			isa = PBXFrameworksBuildPhase;
			buildActionMask = 2147483647;
			files = (
				34404B78C5C462D8871ABD1A /* libPods-RVHttp.a in Frameworks */,
			);
			runOnlyForDeploymentPostprocessing = 0;
		};
		766450031F0252EF00AA5E6C /* Frameworks */ = {
			isa = PBXFrameworksBuildPhase;
			buildActionMask = 2147483647;
			files = (
				19B779636E6F18BD208846F7 /* libPods-RVHttpTests.a in Frameworks */,
			);
			runOnlyForDeploymentPostprocessing = 0;
		};
/* End PBXFrameworksBuildPhase section */

/* Begin PBXGroup section */
		11A548773C460FFB757DDAF2 /* Frameworks */ = {
			isa = PBXGroup;
			children = (
				A7141342A86F9923B12AD04A /* libPods-RVHttp.a */,
				074DE084A639C01CC983EE86 /* libPods-RVHttpTests.a */,
			);
			name = Frameworks;
			sourceTree = "<group>";
		};
		76644FE41F0252EF00AA5E6C = {
			isa = PBXGroup;
			children = (
				766450291F02535800AA5E6C /* readme.md */,
				766450271F02535400AA5E6C /* RVHttp.podspec.json */,
				76644FEF1F0252EF00AA5E6C /* RVHttp */,
				766450091F0252EF00AA5E6C /* RVHttpTests */,
				76644FEE1F0252EF00AA5E6C /* Products */,
				9CD44529D1C43549B05EC137 /* Pods */,
				11A548773C460FFB757DDAF2 /* Frameworks */,
			);
			sourceTree = "<group>";
		};
		76644FEE1F0252EF00AA5E6C /* Products */ = {
			isa = PBXGroup;
			children = (
				76644FED1F0252EF00AA5E6C /* RVHttp.app */,
				766450061F0252EF00AA5E6C /* RVHttpTests.xctest */,
			);
			name = Products;
			sourceTree = "<group>";
		};
		76644FEF1F0252EF00AA5E6C /* RVHttp */ = {
			isa = PBXGroup;
			children = (
				766450151F0252FF00AA5E6C /* lib */,
				76644FF31F0252EF00AA5E6C /* AppDelegate.h */,
				76644FF41F0252EF00AA5E6C /* AppDelegate.m */,
				76644FF61F0252EF00AA5E6C /* ViewController.h */,
				76644FF71F0252EF00AA5E6C /* ViewController.m */,
				76644FF91F0252EF00AA5E6C /* Main.storyboard */,
				76644FFC1F0252EF00AA5E6C /* Assets.xcassets */,
				76644FFE1F0252EF00AA5E6C /* LaunchScreen.storyboard */,
				766450011F0252EF00AA5E6C /* Info.plist */,
				76644FF01F0252EF00AA5E6C /* Supporting Files */,
			);
			path = RVHttp;
			sourceTree = "<group>";
		};
		76644FF01F0252EF00AA5E6C /* Supporting Files */ = {
			isa = PBXGroup;
			children = (
				76644FF11F0252EF00AA5E6C /* main.m */,
			);
			name = "Supporting Files";
			sourceTree = "<group>";
		};
		766450091F0252EF00AA5E6C /* RVHttpTests */ = {
			isa = PBXGroup;
			children = (
				7664500A1F0252EF00AA5E6C /* RVHttpTests.m */,
				7664500C1F0252EF00AA5E6C /* Info.plist */,
				7751066962C1AE6BD2EDB965 /* RVFakeHttpTests.m */,
			);
			path = RVHttpTests;
			sourceTree = "<group>";
		};
		766450151F0252FF00AA5E6C /* lib */ = {
			isa = PBXGroup;
			children = (
				766450161F0252FF00AA5E6C /* FakeUrlSession */,
				7664501B1F0252FF00AA5E6C /* Response */,
				7664501E1F0252FF00AA5E6C /* RVHttp.h */,
				7664501F1F0252FF00AA5E6C /* RVHttp.m */,
				766450201F0252FF00AA5E6C /* RVHttpRequest.h */,
				766450211F0252FF00AA5E6C /* RVHttpRequest.m */,
				775108B63C87F22084672F92 /* Fake */,
			);
			path = lib;
			sourceTree = "<group>";
		};
		766450161F0252FF00AA5E6C /* FakeUrlSession */ = {
			isa = PBXGroup;
			children = (
				766450171F0252FF00AA5E6C /* RVFakeUrlSession.h */,
				766450181F0252FF00AA5E6C /* RVFakeUrlSession.m */,
				766450191F0252FF00AA5E6C /* RVFakeUrlSessionDataTask.h */,
				7664501A1F0252FF00AA5E6C /* RVFakeUrlSessionDataTask.m */,
			);
			path = FakeUrlSession;
			sourceTree = "<group>";
		};
		7664501B1F0252FF00AA5E6C /* Response */ = {
			isa = PBXGroup;
			children = (
				7664501C1F0252FF00AA5E6C /* RVHttpResponse.h */,
				7664501D1F0252FF00AA5E6C /* RVHttpResponse.m */,
			);
			path = Response;
			sourceTree = "<group>";
		};
		775108B63C87F22084672F92 /* Fake */ = {
			isa = PBXGroup;
			children = (
				775103987A8F2D9C129578F2 /* RVHttpFake.m */,
				775107492B3729BCEBDB5B7D /* RVHttpFake.h */,
			);
			path = Fake;
			sourceTree = "<group>";
		};
		9CD44529D1C43549B05EC137 /* Pods */ = {
			isa = PBXGroup;
			children = (
				3506C7D89B48EF198B1A44C3 /* Pods-RVHttp.debug.xcconfig */,
				A8A5A10FDF31783830513429 /* Pods-RVHttp.release.xcconfig */,
				446C2CF354AF12BE4E7CA69A /* Pods-RVHttpTests.debug.xcconfig */,
				8D1C7F86CB5A7364B3828BE0 /* Pods-RVHttpTests.release.xcconfig */,
			);
			name = Pods;
			sourceTree = "<group>";
		};
/* End PBXGroup section */

/* Begin PBXNativeTarget section */
		76644FEC1F0252EF00AA5E6C /* RVHttp */ = {
			isa = PBXNativeTarget;
			buildConfigurationList = 7664500F1F0252EF00AA5E6C /* Build configuration list for PBXNativeTarget "RVHttp" */;
			buildPhases = (
				769E4085C39CA080B3DE837F /* [CP] Check Pods Manifest.lock */,
				76644FE91F0252EF00AA5E6C /* Sources */,
				76644FEA1F0252EF00AA5E6C /* Frameworks */,
				76644FEB1F0252EF00AA5E6C /* Resources */,
			);
			buildRules = (
			);
			dependencies = (
			);
			name = RVHttp;
			productName = RVHttp;
			productReference = 76644FED1F0252EF00AA5E6C /* RVHttp.app */;
			productType = "com.apple.product-type.application";
		};
		766450051F0252EF00AA5E6C /* RVHttpTests */ = {
			isa = PBXNativeTarget;
			buildConfigurationList = 766450121F0252EF00AA5E6C /* Build configuration list for PBXNativeTarget "RVHttpTests" */;
			buildPhases = (
				E6CA5FCDF9851210DD8B29D7 /* [CP] Check Pods Manifest.lock */,
				766450021F0252EF00AA5E6C /* Sources */,
				766450031F0252EF00AA5E6C /* Frameworks */,
				766450041F0252EF00AA5E6C /* Resources */,
			);
			buildRules = (
			);
			dependencies = (
				766450081F0252EF00AA5E6C /* PBXTargetDependency */,
			);
			name = RVHttpTests;
			productName = RVHttpTests;
			productReference = 766450061F0252EF00AA5E6C /* RVHttpTests.xctest */;
			productType = "com.apple.product-type.bundle.unit-test";
		};
/* End PBXNativeTarget section */

/* Begin PBXProject section */
		76644FE51F0252EF00AA5E6C /* Project object */ = {
			isa = PBXProject;
			attributes = {
				LastUpgradeCheck = 0830;
				ORGANIZATIONNAME = revo;
				TargetAttributes = {
					76644FEC1F0252EF00AA5E6C = {
						CreatedOnToolsVersion = 8.3.3;
						DevelopmentTeam = F2VSE3YKKD;
						ProvisioningStyle = Automatic;
					};
					766450051F0252EF00AA5E6C = {
						CreatedOnToolsVersion = 8.3.3;
						ProvisioningStyle = Automatic;
						TestTargetID = 76644FEC1F0252EF00AA5E6C;
					};
				};
			};
			buildConfigurationList = 76644FE81F0252EF00AA5E6C /* Build configuration list for PBXProject "RVHttp" */;
			compatibilityVersion = "Xcode 3.2";
			developmentRegion = English;
			hasScannedForEncodings = 0;
			knownRegions = (
				en,
				Base,
			);
			mainGroup = 76644FE41F0252EF00AA5E6C;
			productRefGroup = 76644FEE1F0252EF00AA5E6C /* Products */;
			projectDirPath = "";
			projectRoot = "";
			targets = (
				76644FEC1F0252EF00AA5E6C /* RVHttp */,
				766450051F0252EF00AA5E6C /* RVHttpTests */,
			);
		};
/* End PBXProject section */

/* Begin PBXResourcesBuildPhase section */
		76644FEB1F0252EF00AA5E6C /* Resources */ = {
			isa = PBXResourcesBuildPhase;
			buildActionMask = 2147483647;
			files = (
				766450001F0252EF00AA5E6C /* LaunchScreen.storyboard in Resources */,
				76644FFD1F0252EF00AA5E6C /* Assets.xcassets in Resources */,
				76644FFB1F0252EF00AA5E6C /* Main.storyboard in Resources */,
				766450281F02535400AA5E6C /* RVHttp.podspec.json in Resources */,
			);
			runOnlyForDeploymentPostprocessing = 0;
		};
		766450041F0252EF00AA5E6C /* Resources */ = {
			isa = PBXResourcesBuildPhase;
			buildActionMask = 2147483647;
			files = (
			);
			runOnlyForDeploymentPostprocessing = 0;
		};
/* End PBXResourcesBuildPhase section */

/* Begin PBXShellScriptBuildPhase section */
		769E4085C39CA080B3DE837F /* [CP] Check Pods Manifest.lock */ = {
			isa = PBXShellScriptBuildPhase;
			buildActionMask = 2147483647;
			files = (
			);
			inputPaths = (
				"${PODS_PODFILE_DIR_PATH}/Podfile.lock",
				"${PODS_ROOT}/Manifest.lock",
			);
			name = "[CP] Check Pods Manifest.lock";
			outputPaths = (
				"$(DERIVED_FILE_DIR)/Pods-RVHttp-checkManifestLockResult.txt",
			);
			runOnlyForDeploymentPostprocessing = 0;
			shellPath = /bin/sh;
			shellScript = "diff \"${PODS_PODFILE_DIR_PATH}/Podfile.lock\" \"${PODS_ROOT}/Manifest.lock\" > /dev/null\nif [ $? != 0 ] ; then\n    # print error to STDERR\n    echo \"error: The sandbox is not in sync with the Podfile.lock. Run 'pod install' or update your CocoaPods installation.\" >&2\n    exit 1\nfi\n# This output is used by Xcode 'outputs' to avoid re-running this script phase.\necho \"SUCCESS\" > \"${SCRIPT_OUTPUT_FILE_0}\"\n";
			showEnvVarsInLog = 0;
		};
		E6CA5FCDF9851210DD8B29D7 /* [CP] Check Pods Manifest.lock */ = {
			isa = PBXShellScriptBuildPhase;
			buildActionMask = 2147483647;
			files = (
			);
			inputPaths = (
				"${PODS_PODFILE_DIR_PATH}/Podfile.lock",
				"${PODS_ROOT}/Manifest.lock",
			);
			name = "[CP] Check Pods Manifest.lock";
			outputPaths = (
				"$(DERIVED_FILE_DIR)/Pods-RVHttpTests-checkManifestLockResult.txt",
			);
			runOnlyForDeploymentPostprocessing = 0;
			shellPath = /bin/sh;
			shellScript = "diff \"${PODS_PODFILE_DIR_PATH}/Podfile.lock\" \"${PODS_ROOT}/Manifest.lock\" > /dev/null\nif [ $? != 0 ] ; then\n    # print error to STDERR\n    echo \"error: The sandbox is not in sync with the Podfile.lock. Run 'pod install' or update your CocoaPods installation.\" >&2\n    exit 1\nfi\n# This output is used by Xcode 'outputs' to avoid re-running this script phase.\necho \"SUCCESS\" > \"${SCRIPT_OUTPUT_FILE_0}\"\n";
			showEnvVarsInLog = 0;
		};
/* End PBXShellScriptBuildPhase section */

/* Begin PBXSourcesBuildPhase section */
		76644FE91F0252EF00AA5E6C /* Sources */ = {
			isa = PBXSourcesBuildPhase;
			buildActionMask = 2147483647;
			files = (
				766450241F0252FF00AA5E6C /* RVHttpResponse.m in Sources */,
				76644FF81F0252EF00AA5E6C /* ViewController.m in Sources */,
				766450231F0252FF00AA5E6C /* RVFakeUrlSessionDataTask.m in Sources */,
				766450261F0252FF00AA5E6C /* RVHttpRequest.m in Sources */,
				76644FF51F0252EF00AA5E6C /* AppDelegate.m in Sources */,
				766450251F0252FF00AA5E6C /* RVHttp.m in Sources */,
				76644FF21F0252EF00AA5E6C /* main.m in Sources */,
				766450221F0252FF00AA5E6C /* RVFakeUrlSession.m in Sources */,
				775100E690854452059786E2 /* RVHttpFake.m in Sources */,
			);
			runOnlyForDeploymentPostprocessing = 0;
		};
		766450021F0252EF00AA5E6C /* Sources */ = {
			isa = PBXSourcesBuildPhase;
			buildActionMask = 2147483647;
			files = (
				7664500B1F0252EF00AA5E6C /* RVHttpTests.m in Sources */,
				77510F8C690D25FED811B958 /* RVFakeHttpTests.m in Sources */,
			);
			runOnlyForDeploymentPostprocessing = 0;
		};
/* End PBXSourcesBuildPhase section */

/* Begin PBXTargetDependency section */
		766450081F0252EF00AA5E6C /* PBXTargetDependency */ = {
			isa = PBXTargetDependency;
			target = 76644FEC1F0252EF00AA5E6C /* RVHttp */;
			targetProxy = 766450071F0252EF00AA5E6C /* PBXContainerItemProxy */;
		};
/* End PBXTargetDependency section */

/* Begin PBXVariantGroup section */
		76644FF91F0252EF00AA5E6C /* Main.storyboard */ = {
			isa = PBXVariantGroup;
			children = (
				76644FFA1F0252EF00AA5E6C /* Base */,
			);
			name = Main.storyboard;
			sourceTree = "<group>";
		};
		76644FFE1F0252EF00AA5E6C /* LaunchScreen.storyboard */ = {
			isa = PBXVariantGroup;
			children = (
				76644FFF1F0252EF00AA5E6C /* Base */,
			);
			name = LaunchScreen.storyboard;
			sourceTree = "<group>";
		};
/* End PBXVariantGroup section */

/* Begin XCBuildConfiguration section */
		7664500D1F0252EF00AA5E6C /* Debug */ = {
			isa = XCBuildConfiguration;
			buildSettings = {
				ALWAYS_SEARCH_USER_PATHS = NO;
				CLANG_ANALYZER_NONNULL = YES;
				CLANG_ANALYZER_NUMBER_OBJECT_CONVERSION = YES_AGGRESSIVE;
				CLANG_CXX_LANGUAGE_STANDARD = "gnu++0x";
				CLANG_CXX_LIBRARY = "libc++";
				CLANG_ENABLE_MODULES = YES;
				CLANG_ENABLE_OBJC_ARC = YES;
				CLANG_WARN_BOOL_CONVERSION = YES;
				CLANG_WARN_CONSTANT_CONVERSION = YES;
				CLANG_WARN_DIRECT_OBJC_ISA_USAGE = YES_ERROR;
				CLANG_WARN_DOCUMENTATION_COMMENTS = YES;
				CLANG_WARN_EMPTY_BODY = YES;
				CLANG_WARN_ENUM_CONVERSION = YES;
				CLANG_WARN_INFINITE_RECURSION = YES;
				CLANG_WARN_INT_CONVERSION = YES;
				CLANG_WARN_OBJC_ROOT_CLASS = YES_ERROR;
				CLANG_WARN_SUSPICIOUS_MOVE = YES;
				CLANG_WARN_UNREACHABLE_CODE = YES;
				CLANG_WARN__DUPLICATE_METHOD_MATCH = YES;
				"CODE_SIGN_IDENTITY[sdk=iphoneos*]" = "iPhone Developer";
				COPY_PHASE_STRIP = NO;
				DEBUG_INFORMATION_FORMAT = dwarf;
				ENABLE_STRICT_OBJC_MSGSEND = YES;
				ENABLE_TESTABILITY = YES;
				GCC_C_LANGUAGE_STANDARD = gnu99;
				GCC_DYNAMIC_NO_PIC = NO;
				GCC_NO_COMMON_BLOCKS = YES;
				GCC_OPTIMIZATION_LEVEL = 0;
				GCC_PREPROCESSOR_DEFINITIONS = (
					"DEBUG=1",
					"$(inherited)",
				);
				GCC_WARN_64_TO_32_BIT_CONVERSION = YES;
				GCC_WARN_ABOUT_RETURN_TYPE = YES_ERROR;
				GCC_WARN_UNDECLARED_SELECTOR = YES;
				GCC_WARN_UNINITIALIZED_AUTOS = YES_AGGRESSIVE;
				GCC_WARN_UNUSED_FUNCTION = YES;
				GCC_WARN_UNUSED_VARIABLE = YES;
				IPHONEOS_DEPLOYMENT_TARGET = 10.3;
				MTL_ENABLE_DEBUG_INFO = YES;
				ONLY_ACTIVE_ARCH = YES;
				SDKROOT = iphoneos;
			};
			name = Debug;
		};
		7664500E1F0252EF00AA5E6C /* Release */ = {
			isa = XCBuildConfiguration;
			buildSettings = {
				ALWAYS_SEARCH_USER_PATHS = NO;
				CLANG_ANALYZER_NONNULL = YES;
				CLANG_ANALYZER_NUMBER_OBJECT_CONVERSION = YES_AGGRESSIVE;
				CLANG_CXX_LANGUAGE_STANDARD = "gnu++0x";
				CLANG_CXX_LIBRARY = "libc++";
				CLANG_ENABLE_MODULES = YES;
				CLANG_ENABLE_OBJC_ARC = YES;
				CLANG_WARN_BOOL_CONVERSION = YES;
				CLANG_WARN_CONSTANT_CONVERSION = YES;
				CLANG_WARN_DIRECT_OBJC_ISA_USAGE = YES_ERROR;
				CLANG_WARN_DOCUMENTATION_COMMENTS = YES;
				CLANG_WARN_EMPTY_BODY = YES;
				CLANG_WARN_ENUM_CONVERSION = YES;
				CLANG_WARN_INFINITE_RECURSION = YES;
				CLANG_WARN_INT_CONVERSION = YES;
				CLANG_WARN_OBJC_ROOT_CLASS = YES_ERROR;
				CLANG_WARN_SUSPICIOUS_MOVE = YES;
				CLANG_WARN_UNREACHABLE_CODE = YES;
				CLANG_WARN__DUPLICATE_METHOD_MATCH = YES;
				"CODE_SIGN_IDENTITY[sdk=iphoneos*]" = "iPhone Developer";
				COPY_PHASE_STRIP = NO;
				DEBUG_INFORMATION_FORMAT = "dwarf-with-dsym";
				ENABLE_NS_ASSERTIONS = NO;
				ENABLE_STRICT_OBJC_MSGSEND = YES;
				GCC_C_LANGUAGE_STANDARD = gnu99;
				GCC_NO_COMMON_BLOCKS = YES;
				GCC_WARN_64_TO_32_BIT_CONVERSION = YES;
				GCC_WARN_ABOUT_RETURN_TYPE = YES_ERROR;
				GCC_WARN_UNDECLARED_SELECTOR = YES;
				GCC_WARN_UNINITIALIZED_AUTOS = YES_AGGRESSIVE;
				GCC_WARN_UNUSED_FUNCTION = YES;
				GCC_WARN_UNUSED_VARIABLE = YES;
				IPHONEOS_DEPLOYMENT_TARGET = 10.3;
				MTL_ENABLE_DEBUG_INFO = NO;
				SDKROOT = iphoneos;
				VALIDATE_PRODUCT = YES;
			};
			name = Release;
		};
		766450101F0252EF00AA5E6C /* Debug */ = {
			isa = XCBuildConfiguration;
			baseConfigurationReference = 3506C7D89B48EF198B1A44C3 /* Pods-RVHttp.debug.xcconfig */;
			buildSettings = {
				ASSETCATALOG_COMPILER_APPICON_NAME = AppIcon;
				DEVELOPMENT_TEAM = F2VSE3YKKD;
				INFOPLIST_FILE = RVHttp/Info.plist;
				LD_RUNPATH_SEARCH_PATHS = "$(inherited) @executable_path/Frameworks";
				PRODUCT_BUNDLE_IDENTIFIER = works.revo.RVHttp;
				PRODUCT_NAME = "$(TARGET_NAME)";
			};
			name = Debug;
		};
		766450111F0252EF00AA5E6C /* Release */ = {
			isa = XCBuildConfiguration;
			baseConfigurationReference = A8A5A10FDF31783830513429 /* Pods-RVHttp.release.xcconfig */;
			buildSettings = {
				ASSETCATALOG_COMPILER_APPICON_NAME = AppIcon;
				DEVELOPMENT_TEAM = F2VSE3YKKD;
				INFOPLIST_FILE = RVHttp/Info.plist;
				LD_RUNPATH_SEARCH_PATHS = "$(inherited) @executable_path/Frameworks";
				PRODUCT_BUNDLE_IDENTIFIER = works.revo.RVHttp;
				PRODUCT_NAME = "$(TARGET_NAME)";
			};
			name = Release;
		};
		766450131F0252EF00AA5E6C /* Debug */ = {
			isa = XCBuildConfiguration;
			baseConfigurationReference = 446C2CF354AF12BE4E7CA69A /* Pods-RVHttpTests.debug.xcconfig */;
			buildSettings = {
				BUNDLE_LOADER = "$(TEST_HOST)";
				INFOPLIST_FILE = RVHttpTests/Info.plist;
				LD_RUNPATH_SEARCH_PATHS = "$(inherited) @executable_path/Frameworks @loader_path/Frameworks";
				PRODUCT_BUNDLE_IDENTIFIER = works.revo.RVHttpTests;
				PRODUCT_NAME = "$(TARGET_NAME)";
				TEST_HOST = "$(BUILT_PRODUCTS_DIR)/RVHttp.app/RVHttp";
			};
			name = Debug;
		};
		766450141F0252EF00AA5E6C /* Release */ = {
			isa = XCBuildConfiguration;
			baseConfigurationReference = 8D1C7F86CB5A7364B3828BE0 /* Pods-RVHttpTests.release.xcconfig */;
			buildSettings = {
				BUNDLE_LOADER = "$(TEST_HOST)";
				INFOPLIST_FILE = RVHttpTests/Info.plist;
				LD_RUNPATH_SEARCH_PATHS = "$(inherited) @executable_path/Frameworks @loader_path/Frameworks";
				PRODUCT_BUNDLE_IDENTIFIER = works.revo.RVHttpTests;
				PRODUCT_NAME = "$(TARGET_NAME)";
				TEST_HOST = "$(BUILT_PRODUCTS_DIR)/RVHttp.app/RVHttp";
			};
			name = Release;
		};
/* End XCBuildConfiguration section */

/* Begin XCConfigurationList section */
		76644FE81F0252EF00AA5E6C /* Build configuration list for PBXProject "RVHttp" */ = {
			isa = XCConfigurationList;
			buildConfigurations = (
				7664500D1F0252EF00AA5E6C /* Debug */,
				7664500E1F0252EF00AA5E6C /* Release */,
			);
			defaultConfigurationIsVisible = 0;
			defaultConfigurationName = Release;
		};
		7664500F1F0252EF00AA5E6C /* Build configuration list for PBXNativeTarget "RVHttp" */ = {
			isa = XCConfigurationList;
			buildConfigurations = (
				766450101F0252EF00AA5E6C /* Debug */,
				766450111F0252EF00AA5E6C /* Release */,
			);
			defaultConfigurationIsVisible = 0;
			defaultConfigurationName = Release;
		};
		766450121F0252EF00AA5E6C /* Build configuration list for PBXNativeTarget "RVHttpTests" */ = {
			isa = XCConfigurationList;
			buildConfigurations = (
				766450131F0252EF00AA5E6C /* Debug */,
				766450141F0252EF00AA5E6C /* Release */,
			);
			defaultConfigurationIsVisible = 0;
			defaultConfigurationName = Release;
		};
/* End XCConfigurationList section */
	};
	rootObject = 76644FE51F0252EF00AA5E6C /* Project object */;
}
